
Microsoft Visual Studio Solution File, Format Version 12.00
# Visual Studio Version 17
VisualStudioVersion = 17.5.33424.131
MinimumVisualStudioVersion = 10.0.40219.1
Project("{FAE04EC0-301F-11D3-BF4B-00C04F79EFBC}") = "Text-editor", "Text-editor\Text-editor.csproj", "{4482D650-22D1-4C55-BD6C-7D5C1E1EC3F6}"
EndProject
Project("{FAE04EC0-301F-11D3-BF4B-00C04F79EFBC}") = "Interfaces", "..\Interfaces\Interfaces.csproj", "{31DDAE14-ADDA-4A06-BE84-6588CA00CDBD}"
EndProject
Project("{FAE04EC0-301F-11D3-BF4B-00C04F79EFBC}") = "EditRibbonModule", "..\EditRibbonModule\EditRibbonModule.csproj", "{E49D3B6F-7CB5-4659-9FCD-0BD119FBDC60}"
EndProject
Project("{FAE04EC0-301F-11D3-BF4B-00C04F79EFBC}") = "CommonsModule", "..\CommonsModule\CommonsModule.csproj", "{7BC394E9-AFA5-4CF3-A037-52EAE13355FF}"
EndProject
Project("{FAE04EC0-301F-11D3-BF4B-00C04F79EFBC}") = "FileRibbonModule", "..\FileRibbonModule\FileRibbonModule.csproj", "{17EEC643-7979-4414-9348-12229919B62F}"
EndProject
Project("{FAE04EC0-301F-11D3-BF4B-00C04F79EFBC}") = "CustomControls", "..\CustomControls\CustomControls.csproj", "{75C23451-3E89-4517-9F24-4EA823542471}"
EndProject
Project("{FAE04EC0-301F-11D3-BF4B-00C04F79EFBC}") = "FormatRibbonModule", "..\FormatRibbonModule\FormatRibbonModule.csproj", "{B7CFA4A4-FADD-4CE9-8732-BFCC9E594DC9}"
EndProject
Project("{FAE04EC0-301F-11D3-BF4B-00C04F79EFBC}") = "HelpRibbonModule", "..\HelpRibbonModule\HelpRibbonModule.csproj", "{15F95071-ACA5-41EA-9FF4-73856BB07B65}"
EndProject
Project("{FAE04EC0-301F-11D3-BF4B-00C04F79EFBC}") = "UnitTestProjectUtilities", "..\UnitTesting\UnitTestProjectUtilities\UnitTestProjectUtilities.csproj", "{2151E426-DDA8-4D8D-A23B-0DA8A491D987}"
EndProject
Project("{FAE04EC0-301F-11D3-BF4B-00C04F79EFBC}") = "UnitTestProjectEditRibbonMenu", "..\UnitTesting\UnitTestProjectEditRibbonMenu\UnitTestProjectEditRibbonMenu.csproj", "{2431BD6F-BBE9-446D-8715-F1C38E98B094}"
EndProject
Project("{FAE04EC0-301F-11D3-BF4B-00C04F79EFBC}") = "UnitTestProjectHelpRibbonMenu", "..\UnitTesting\UnitTestProjectHelpRibbonMenu\UnitTestProjectHelpRibbonMenu.csproj", "{3665C99C-32C8-443F-AAE6-6D6324583D70}"
EndProject
Project("{FAE04EC0-301F-11D3-BF4B-00C04F79EFBC}") = "UnitTestProjectFileRibbonMenu", "..\UnitTesting\UnitTestProjectFileRibbonMenu\UnitTestProjectFileRibbonMenu.csproj", "{6AFCB9FE-F6EB-4135-A73C-594FC11BDDB6}"
EndProject
Global
	GlobalSection(SolutionConfigurationPlatforms) = preSolution
		Debug|Any CPU = Debug|Any CPU
		Release|Any CPU = Release|Any CPU
	EndGlobalSection
	GlobalSection(ProjectConfigurationPlatforms) = postSolution
		{4482D650-22D1-4C55-BD6C-7D5C1E1EC3F6}.Debug|Any CPU.ActiveCfg = Debug|Any CPU
		{4482D650-22D1-4C55-BD6C-7D5C1E1EC3F6}.Debug|Any CPU.Build.0 = Debug|Any CPU
		{4482D650-22D1-4C55-BD6C-7D5C1E1EC3F6}.Release|Any CPU.ActiveCfg = Release|Any CPU
		{4482D650-22D1-4C55-BD6C-7D5C1E1EC3F6}.Release|Any CPU.Build.0 = Release|Any CPU
		{31DDAE14-ADDA-4A06-BE84-6588CA00CDBD}.Debug|Any CPU.ActiveCfg = Debug|Any CPU
		{31DDAE14-ADDA-4A06-BE84-6588CA00CDBD}.Debug|Any CPU.Build.0 = Debug|Any CPU
		{31DDAE14-ADDA-4A06-BE84-6588CA00CDBD}.Release|Any CPU.ActiveCfg = Release|Any CPU
		{31DDAE14-ADDA-4A06-BE84-6588CA00CDBD}.Release|Any CPU.Build.0 = Release|Any CPU
		{E49D3B6F-7CB5-4659-9FCD-0BD119FBDC60}.Debug|Any CPU.ActiveCfg = Debug|Any CPU
		{E49D3B6F-7CB5-4659-9FCD-0BD119FBDC60}.Debug|Any CPU.Build.0 = Debug|Any CPU
		{E49D3B6F-7CB5-4659-9FCD-0BD119FBDC60}.Release|Any CPU.ActiveCfg = Release|Any CPU
		{E49D3B6F-7CB5-4659-9FCD-0BD119FBDC60}.Release|Any CPU.Build.0 = Release|Any CPU
		{7BC394E9-AFA5-4CF3-A037-52EAE13355FF}.Debug|Any CPU.ActiveCfg = Debug|Any CPU
		{7BC394E9-AFA5-4CF3-A037-52EAE13355FF}.Debug|Any CPU.Build.0 = Debug|Any CPU
		{7BC394E9-AFA5-4CF3-A037-52EAE13355FF}.Release|Any CPU.ActiveCfg = Release|Any CPU
		{7BC394E9-AFA5-4CF3-A037-52EAE13355FF}.Release|Any CPU.Build.0 = Release|Any CPU
		{17EEC643-7979-4414-9348-12229919B62F}.Debug|Any CPU.ActiveCfg = Debug|Any CPU
		{17EEC643-7979-4414-9348-12229919B62F}.Debug|Any CPU.Build.0 = Debug|Any CPU
		{17EEC643-7979-4414-9348-12229919B62F}.Release|Any CPU.ActiveCfg = Release|Any CPU
		{17EEC643-7979-4414-9348-12229919B62F}.Release|Any CPU.Build.0 = Release|Any CPU
		{75C23451-3E89-4517-9F24-4EA823542471}.Debug|Any CPU.ActiveCfg = Debug|Any CPU
		{75C23451-3E89-4517-9F24-4EA823542471}.Debug|Any CPU.Build.0 = Debug|Any CPU
		{75C23451-3E89-4517-9F24-4EA823542471}.Release|Any CPU.ActiveCfg = Release|Any CPU
		{75C23451-3E89-4517-9F24-4EA823542471}.Release|Any CPU.Build.0 = Release|Any CPU
		{B7CFA4A4-FADD-4CE9-8732-BFCC9E594DC9}.Debug|Any CPU.ActiveCfg = Debug|Any CPU
		{B7CFA4A4-FADD-4CE9-8732-BFCC9E594DC9}.Debug|Any CPU.Build.0 = Debug|Any CPU
		{B7CFA4A4-FADD-4CE9-8732-BFCC9E594DC9}.Release|Any CPU.ActiveCfg = Release|Any CPU
		{B7CFA4A4-FADD-4CE9-8732-BFCC9E594DC9}.Release|Any CPU.Build.0 = Release|Any CPU
		{15F95071-ACA5-41EA-9FF4-73856BB07B65}.Debug|Any CPU.ActiveCfg = Debug|Any CPU
		{15F95071-ACA5-41EA-9FF4-73856BB07B65}.Debug|Any CPU.Build.0 = Debug|Any CPU
		{15F95071-ACA5-41EA-9FF4-73856BB07B65}.Release|Any CPU.ActiveCfg = Release|Any CPU
		{15F95071-ACA5-41EA-9FF4-73856BB07B65}.Release|Any CPU.Build.0 = Release|Any CPU
		{2151E426-DDA8-4D8D-A23B-0DA8A491D987}.Debug|Any CPU.ActiveCfg = Debug|Any CPU
		{2151E426-DDA8-4D8D-A23B-0DA8A491D987}.Debug|Any CPU.Build.0 = Debug|Any CPU
		{2151E426-DDA8-4D8D-A23B-0DA8A491D987}.Release|Any CPU.ActiveCfg = Release|Any CPU
		{2151E426-DDA8-4D8D-A23B-0DA8A491D987}.Release|Any CPU.Build.0 = Release|Any CPU
		{2431BD6F-BBE9-446D-8715-F1C38E98B094}.Debug|Any CPU.ActiveCfg = Debug|Any CPU
		{2431BD6F-BBE9-446D-8715-F1C38E98B094}.Debug|Any CPU.Build.0 = Debug|Any CPU
		{2431BD6F-BBE9-446D-8715-F1C38E98B094}.Release|Any CPU.ActiveCfg = Release|Any CPU
		{2431BD6F-BBE9-446D-8715-F1C38E98B094}.Release|Any CPU.Build.0 = Release|Any CPU
		{3665C99C-32C8-443F-AAE6-6D6324583D70}.Debug|Any CPU.ActiveCfg = Debug|Any CPU
		{3665C99C-32C8-443F-AAE6-6D6324583D70}.Debug|Any CPU.Build.0 = Debug|Any CPU
		{3665C99C-32C8-443F-AAE6-6D6324583D70}.Release|Any CPU.ActiveCfg = Release|Any CPU
		{3665C99C-32C8-443F-AAE6-6D6324583D70}.Release|Any CPU.Build.0 = Release|Any CPU
		{6AFCB9FE-F6EB-4135-A73C-594FC11BDDB6}.Debug|Any CPU.ActiveCfg = Debug|Any CPU
		{6AFCB9FE-F6EB-4135-A73C-594FC11BDDB6}.Debug|Any CPU.Build.0 = Debug|Any CPU
		{6AFCB9FE-F6EB-4135-A73C-594FC11BDDB6}.Release|Any CPU.ActiveCfg = Release|Any CPU
		{6AFCB9FE-F6EB-4135-A73C-594FC11BDDB6}.Release|Any CPU.Build.0 = Release|Any CPU
	EndGlobalSection
	GlobalSection(SolutionProperties) = preSolution
		HideSolutionNode = FALSE
	EndGlobalSection
	GlobalSection(ExtensibilityGlobals) = postSolution
		SolutionGuid = {1468638D-569B-4440-A734-22D66E70269C}
	EndGlobalSection
EndGlobal
