
Microsoft Visual Studio Solution File, Format Version 12.00
# Visual Studio Version 17
VisualStudioVersion = 17.5.33424.131
MinimumVisualStudioVersion = 10.0.40219.1
Project("{FAE04EC0-301F-11D3-BF4B-00C04F79EFBC}") = "Text-editor", "Text-editor\Text-editor.csproj", "{4482D650-22D1-4C55-BD6C-7D5C1E1EC3F6}"
EndProject
Project("{FAE04EC0-301F-11D3-BF4B-00C04F79EFBC}") = "Interfaces", "..\Interfaces\Interfaces.csproj", "{31DDAE14-ADDA-4A06-BE84-6588CA00CDBD}"
EndProject
Project("{FAE04EC0-301F-11D3-BF4B-00C04F79EFBC}") = "EditRibbonModule", "..\EditRibbonModule\EditRibbonModule.csproj", "{E49D3B6F-7CB5-4659-9FCD-0BD119FBDC60}"
EndProject
Project("{FAE04EC0-301F-11D3-BF4B-00C04F79EFBC}") = "CommonsModule", "..\CommonsModule\CommonsModule.csproj", "{7BC394E9-AFA5-4CF3-A037-52EAE13355FF}"
EndProject
Project("{FAE04EC0-301F-11D3-BF4B-00C04F79EFBC}") = "FileRibbonModule", "..\FileRibbonModule\FileRibbonModule.csproj", "{17EEC643-7979-4414-9348-12229919B62F}"
EndProject
Project("{FAE04EC0-301F-11D3-BF4B-00C04F79EFBC}") = "FormatRibbonModule", "..\FormatRibbonModule\FormatRibbonModule.csproj", "{B7CFA4A4-FADD-4CE9-8732-BFCC9E594DC9}"
EndProject
Global
	GlobalSection(SolutionConfigurationPlatforms) = preSolution
		Debug|Any CPU = Debug|Any CPU
		Release|Any CPU = Release|Any CPU
	EndGlobalSection
	GlobalSection(ProjectConfigurationPlatforms) = postSolution
		{4482D650-22D1-4C55-BD6C-7D5C1E1EC3F6}.Debug|Any CPU.ActiveCfg = Debug|Any CPU
		{4482D650-22D1-4C55-BD6C-7D5C1E1EC3F6}.Debug|Any CPU.Build.0 = Debug|Any CPU
		{4482D650-22D1-4C55-BD6C-7D5C1E1EC3F6}.Release|Any CPU.ActiveCfg = Release|Any CPU
		{4482D650-22D1-4C55-BD6C-7D5C1E1EC3F6}.Release|Any CPU.Build.0 = Release|Any CPU
		{31DDAE14-ADDA-4A06-BE84-6588CA00CDBD}.Debug|Any CPU.ActiveCfg = Debug|Any CPU
		{31DDAE14-ADDA-4A06-BE84-6588CA00CDBD}.Debug|Any CPU.Build.0 = Debug|Any CPU
		{31DDAE14-ADDA-4A06-BE84-6588CA00CDBD}.Release|Any CPU.ActiveCfg = Release|Any CPU
		{31DDAE14-ADDA-4A06-BE84-6588CA00CDBD}.Release|Any CPU.Build.0 = Release|Any CPU
		{E49D3B6F-7CB5-4659-9FCD-0BD119FBDC60}.Debug|Any CPU.ActiveCfg = Debug|Any CPU
		{E49D3B6F-7CB5-4659-9FCD-0BD119FBDC60}.Debug|Any CPU.Build.0 = Debug|Any CPU
		{E49D3B6F-7CB5-4659-9FCD-0BD119FBDC60}.Release|Any CPU.ActiveCfg = Release|Any CPU
		{E49D3B6F-7CB5-4659-9FCD-0BD119FBDC60}.Release|Any CPU.Build.0 = Release|Any CPU
		{7BC394E9-AFA5-4CF3-A037-52EAE13355FF}.Debug|Any CPU.ActiveCfg = Debug|Any CPU
		{7BC394E9-AFA5-4CF3-A037-52EAE13355FF}.Debug|Any CPU.Build.0 = Debug|Any CPU
		{7BC394E9-AFA5-4CF3-A037-52EAE13355FF}.Release|Any CPU.ActiveCfg = Release|Any CPU
		{7BC394E9-AFA5-4CF3-A037-52EAE13355FF}.Release|Any CPU.Build.0 = Release|Any CPU
		{17EEC643-7979-4414-9348-12229919B62F}.Debug|Any CPU.ActiveCfg = Debug|Any CPU
		{17EEC643-7979-4414-9348-12229919B62F}.Debug|Any CPU.Build.0 = Debug|Any CPU
		{17EEC643-7979-4414-9348-12229919B62F}.Release|Any CPU.ActiveCfg = Release|Any CPU
		{17EEC643-7979-4414-9348-12229919B62F}.Release|Any CPU.Build.0 = Release|Any CPU
		{B7CFA4A4-FADD-4CE9-8732-BFCC9E594DC9}.Debug|Any CPU.ActiveCfg = Debug|Any CPU
		{B7CFA4A4-FADD-4CE9-8732-BFCC9E594DC9}.Debug|Any CPU.Build.0 = Debug|Any CPU
		{B7CFA4A4-FADD-4CE9-8732-BFCC9E594DC9}.Release|Any CPU.ActiveCfg = Release|Any CPU
		{B7CFA4A4-FADD-4CE9-8732-BFCC9E594DC9}.Release|Any CPU.Build.0 = Release|Any CPU
	EndGlobalSection
	GlobalSection(SolutionProperties) = preSolution
		HideSolutionNode = FALSE
	EndGlobalSection
	GlobalSection(ExtensibilityGlobals) = postSolution
		SolutionGuid = {1468638D-569B-4440-A734-22D66E70269C}
	EndGlobalSection
EndGlobal
